
Microsoft Visual Studio Solution File, Format Version 12.00
# Visual Studio Version 17
VisualStudioVersion = 17.8.34511.84
MinimumVisualStudioVersion = 10.0.40219.1
Project("{8BC9CEB8-8B4A-11D0-8D11-00A0C91BC942}") = "Exercise1", "Exercise1\Exercise1.vcxproj", "{FF11599F-1DD4-481C-9836-CCB595D748AF}"
EndProject
Global
	GlobalSection(SolutionConfigurationPlatforms) = preSolution
		Debug|x64 = Debug|x64
		Debug|x86 = Debug|x86
		Release|x64 = Release|x64
		Release|x86 = Release|x86
	EndGlobalSection
	GlobalSection(ProjectConfigurationPlatforms) = postSolution
		{FF11599F-1DD4-481C-9836-CCB595D748AF}.Debug|x64.ActiveCfg = Debug|x64
		{FF11599F-1DD4-481C-9836-CCB595D748AF}.Debug|x64.Build.0 = Debug|x64
		{FF11599F-1DD4-481C-9836-CCB595D748AF}.Debug|x86.ActiveCfg = Debug|Win32
		{FF11599F-1DD4-481C-9836-CCB595D748AF}.Debug|x86.Build.0 = Debug|Win32
		{FF11599F-1DD4-481C-9836-CCB595D748AF}.Release|x64.ActiveCfg = Release|x64
		{FF11599F-1DD4-481C-9836-CCB595D748AF}.Release|x64.Build.0 = Release|x64
		{FF11599F-1DD4-481C-9836-CCB595D748AF}.Release|x86.ActiveCfg = Release|Win32
		{FF11599F-1DD4-481C-9836-CCB595D748AF}.Release|x86.Build.0 = Release|Win32
	EndGlobalSection
	GlobalSection(SolutionProperties) = preSolution
		HideSolutionNode = FALSE
	EndGlobalSection
	GlobalSection(ExtensibilityGlobals) = postSolution
		SolutionGuid = {10E0F58B-AFDE-4025-89F4-352B7AD79294}
	EndGlobalSection
EndGlobal
